
Microsoft Visual Studio Solution File, Format Version 12.00
# Visual Studio Version 18
VisualStudioVersion = 18.1.11304.174
MinimumVisualStudioVersion = 10.0.40219.1
Project("{FAE04EC0-301F-11D3-BF4B-00C04F79EFBC}") = "OrderProcessing", "OrderProcessing\OrderProcessing.csproj", "{DE3979EF-D061-4E14-BB26-E43D678E26CF}"
EndProject
Project("{FAE04EC0-301F-11D3-BF4B-00C04F79EFBC}") = "LabWork7", "LabWork7\LabWork7.csproj", "{8D343DDD-BED0-4750-9760-96FD6D2AED3D}"
EndProject
Project("{FAE04EC0-301F-11D3-BF4B-00C04F79EFBC}") = "LabWork10_Library", "LabWork10_Library\LabWork10_Library.csproj", "{1E73FBDC-4147-4327-A6B5-5AE7508E5E11}"
EndProject
Project("{FAE04EC0-301F-11D3-BF4B-00C04F79EFBC}") = "LabWork10", "LabWork10\LabWork10.csproj", "{F662E40E-F57B-4B21-9FFF-D199CF9957C0}"
EndProject
Project("{2150E333-8FDC-42A3-9474-1A3956D46DE8}") = "LW10", "LW10", "{74D24E68-C6BA-4D8C-9964-D09B25D84DD8}"
EndProject
Project("{2150E333-8FDC-42A3-9474-1A3956D46DE8}") = "LW7", "LW7", "{DB704A1F-E58A-4334-AD3E-4003F86F97EA}"
EndProject
Project("{2150E333-8FDC-42A3-9474-1A3956D46DE8}") = "LW12", "LW12", "{96EEC4A4-C3CC-48D5-ACEB-17E367A539B1}"
EndProject
Project("{2150E333-8FDC-42A3-9474-1A3956D46DE8}") = "LW8", "LW8", "{CE4F9E52-8044-4CDB-A585-B39512066AC4}"
EndProject
Project("{FAE04EC0-301F-11D3-BF4B-00C04F79EFBC}") = "LabWork8", "LabWork8\LabWork8.csproj", "{489D6F2C-9AE7-45A1-82B9-804E53684E71}"
EndProject
Project("{FAE04EC0-301F-11D3-BF4B-00C04F79EFBC}") = "LW8_Test", "LW8_Test\LW8_Test.csproj", "{E1966ACA-03B8-4A21-82D8-57DFED8F43B0}"
EndProject
Global
	GlobalSection(SolutionConfigurationPlatforms) = preSolution
		Debug|Any CPU = Debug|Any CPU
		Release|Any CPU = Release|Any CPU
	EndGlobalSection
	GlobalSection(ProjectConfigurationPlatforms) = postSolution
		{DE3979EF-D061-4E14-BB26-E43D678E26CF}.Debug|Any CPU.ActiveCfg = Debug|Any CPU
		{DE3979EF-D061-4E14-BB26-E43D678E26CF}.Debug|Any CPU.Build.0 = Debug|Any CPU
		{DE3979EF-D061-4E14-BB26-E43D678E26CF}.Release|Any CPU.ActiveCfg = Release|Any CPU
		{DE3979EF-D061-4E14-BB26-E43D678E26CF}.Release|Any CPU.Build.0 = Release|Any CPU
		{8D343DDD-BED0-4750-9760-96FD6D2AED3D}.Debug|Any CPU.ActiveCfg = Debug|Any CPU
		{8D343DDD-BED0-4750-9760-96FD6D2AED3D}.Debug|Any CPU.Build.0 = Debug|Any CPU
		{8D343DDD-BED0-4750-9760-96FD6D2AED3D}.Release|Any CPU.ActiveCfg = Release|Any CPU
		{8D343DDD-BED0-4750-9760-96FD6D2AED3D}.Release|Any CPU.Build.0 = Release|Any CPU
		{1E73FBDC-4147-4327-A6B5-5AE7508E5E11}.Debug|Any CPU.ActiveCfg = Debug|Any CPU
		{1E73FBDC-4147-4327-A6B5-5AE7508E5E11}.Debug|Any CPU.Build.0 = Debug|Any CPU
		{1E73FBDC-4147-4327-A6B5-5AE7508E5E11}.Release|Any CPU.ActiveCfg = Release|Any CPU
		{1E73FBDC-4147-4327-A6B5-5AE7508E5E11}.Release|Any CPU.Build.0 = Release|Any CPU
		{F662E40E-F57B-4B21-9FFF-D199CF9957C0}.Debug|Any CPU.ActiveCfg = Debug|Any CPU
		{F662E40E-F57B-4B21-9FFF-D199CF9957C0}.Debug|Any CPU.Build.0 = Debug|Any CPU
		{F662E40E-F57B-4B21-9FFF-D199CF9957C0}.Release|Any CPU.ActiveCfg = Release|Any CPU
		{F662E40E-F57B-4B21-9FFF-D199CF9957C0}.Release|Any CPU.Build.0 = Release|Any CPU
		{489D6F2C-9AE7-45A1-82B9-804E53684E71}.Debug|Any CPU.ActiveCfg = Debug|Any CPU
		{489D6F2C-9AE7-45A1-82B9-804E53684E71}.Debug|Any CPU.Build.0 = Debug|Any CPU
		{489D6F2C-9AE7-45A1-82B9-804E53684E71}.Release|Any CPU.ActiveCfg = Release|Any CPU
		{489D6F2C-9AE7-45A1-82B9-804E53684E71}.Release|Any CPU.Build.0 = Release|Any CPU
		{E1966ACA-03B8-4A21-82D8-57DFED8F43B0}.Debug|Any CPU.ActiveCfg = Debug|Any CPU
		{E1966ACA-03B8-4A21-82D8-57DFED8F43B0}.Debug|Any CPU.Build.0 = Debug|Any CPU
		{E1966ACA-03B8-4A21-82D8-57DFED8F43B0}.Release|Any CPU.ActiveCfg = Release|Any CPU
		{E1966ACA-03B8-4A21-82D8-57DFED8F43B0}.Release|Any CPU.Build.0 = Release|Any CPU
	EndGlobalSection
	GlobalSection(SolutionProperties) = preSolution
		HideSolutionNode = FALSE
	EndGlobalSection
	GlobalSection(NestedProjects) = preSolution
		{DE3979EF-D061-4E14-BB26-E43D678E26CF} = {DB704A1F-E58A-4334-AD3E-4003F86F97EA}
		{8D343DDD-BED0-4750-9760-96FD6D2AED3D} = {DB704A1F-E58A-4334-AD3E-4003F86F97EA}
		{1E73FBDC-4147-4327-A6B5-5AE7508E5E11} = {74D24E68-C6BA-4D8C-9964-D09B25D84DD8}
		{F662E40E-F57B-4B21-9FFF-D199CF9957C0} = {74D24E68-C6BA-4D8C-9964-D09B25D84DD8}
		{489D6F2C-9AE7-45A1-82B9-804E53684E71} = {CE4F9E52-8044-4CDB-A585-B39512066AC4}
		{E1966ACA-03B8-4A21-82D8-57DFED8F43B0} = {CE4F9E52-8044-4CDB-A585-B39512066AC4}
	EndGlobalSection
	GlobalSection(ExtensibilityGlobals) = postSolution
		SolutionGuid = {4FD5406D-F6E3-4C3A-82B0-A1B8DF75AAEF}
	EndGlobalSection
EndGlobal
