
Microsoft Visual Studio Solution File, Format Version 12.00
# Visual Studio Version 18
VisualStudioVersion = 18.1.11304.174 d18.0
MinimumVisualStudioVersion = 10.0.40219.1
Project("{FAE04EC0-301F-11D3-BF4B-00C04F79EFBC}") = "OrderProcessing", "OrderProcessing\OrderProcessing.csproj", "{DE3979EF-D061-4E14-BB26-E43D678E26CF}"
EndProject
Project("{FAE04EC0-301F-11D3-BF4B-00C04F79EFBC}") = "LabWork7", "LabWork7\LabWork7.csproj", "{8D343DDD-BED0-4750-9760-96FD6D2AED3D}"
EndProject
Global
	GlobalSection(SolutionConfigurationPlatforms) = preSolution
		Debug|Any CPU = Debug|Any CPU
		Release|Any CPU = Release|Any CPU
	EndGlobalSection
	GlobalSection(ProjectConfigurationPlatforms) = postSolution
		{DE3979EF-D061-4E14-BB26-E43D678E26CF}.Debug|Any CPU.ActiveCfg = Debug|Any CPU
		{DE3979EF-D061-4E14-BB26-E43D678E26CF}.Debug|Any CPU.Build.0 = Debug|Any CPU
		{DE3979EF-D061-4E14-BB26-E43D678E26CF}.Release|Any CPU.ActiveCfg = Release|Any CPU
		{DE3979EF-D061-4E14-BB26-E43D678E26CF}.Release|Any CPU.Build.0 = Release|Any CPU
		{8D343DDD-BED0-4750-9760-96FD6D2AED3D}.Debug|Any CPU.ActiveCfg = Debug|Any CPU
		{8D343DDD-BED0-4750-9760-96FD6D2AED3D}.Debug|Any CPU.Build.0 = Debug|Any CPU
		{8D343DDD-BED0-4750-9760-96FD6D2AED3D}.Release|Any CPU.ActiveCfg = Release|Any CPU
		{8D343DDD-BED0-4750-9760-96FD6D2AED3D}.Release|Any CPU.Build.0 = Release|Any CPU
	EndGlobalSection
	GlobalSection(SolutionProperties) = preSolution
		HideSolutionNode = FALSE
	EndGlobalSection
	GlobalSection(ExtensibilityGlobals) = postSolution
		SolutionGuid = {4FD5406D-F6E3-4C3A-82B0-A1B8DF75AAEF}
	EndGlobalSection
EndGlobal
